
Microsoft Visual Studio Solution File, Format Version 12.00
# Visual Studio Version 17
VisualStudioVersion = 17.5.002.0
MinimumVisualStudioVersion = 10.0.40219.1
Project("{9A19103F-16F7-4668-BE54-9A1E7A4F7556}") = "AdventOfCode.Cli", "AdventOfCode.Cli\AdventOfCode.Cli.csproj", "{D608214E-ABE0-4778-AE60-13450F122317}"
EndProject
Project("{FAE04EC0-301F-11D3-BF4B-00C04F79EFBC}") = "AdventOfCode.Core", "AdventOfCode.Core\AdventOfCode.Core.csproj", "{AC86D345-3A6F-4C34-AA96-F64175F61CED}"
EndProject
Project("{FAE04EC0-301F-11D3-BF4B-00C04F79EFBC}") = "AdventOfCode.Map", "AdventOfCode.Map\AdventOfCode.Map.csproj", "{A23A0DB8-3E44-4AED-845D-A718340C8E8D}"
EndProject
Project("{2150E333-8FDC-42A3-9474-1A3956D46DE8}") = "AdventOfCode", "AdventOfCode", "{7370C346-5000-4CB3-856B-0BDEB95CA0E7}"
EndProject
Project("{FAE04EC0-301F-11D3-BF4B-00C04F79EFBC}") = "Y2024", "AdventOfCode\AdventOfCode.Y2024\AdventOfCode.Y2024.csproj", "{F616F74F-6EF4-47F9-A4C9-72FFB46A825F}"
EndProject
Project("{FAE04EC0-301F-11D3-BF4B-00C04F79EFBC}") = "Y2024Tests", "AdventOfCode\AdventOfCode.Y2024Tests\AdventOfCode.Y2024Tests.csproj", "{2310B529-249E-498D-8715-CD3600D2DE17}"
EndProject
Project("{FAE04EC0-301F-11D3-BF4B-00C04F79EFBC}") = "Y2023", "AdventOfCode\AdventOfCode.Y2023\AdventOfCode.Y2023.csproj", "{370EA210-1E02-4C67-9D89-259A38615351}"
EndProject
Project("{FAE04EC0-301F-11D3-BF4B-00C04F79EFBC}") = "Y2023Tests", "AdventOfCode\AdventOfCode.Y2023Tests\AdventOfCode.Y2023Tests.csproj", "{E5C978BE-EA68-472C-9E08-5C9A51A86D90}"
EndProject
Project("{FAE04EC0-301F-11D3-BF4B-00C04F79EFBC}") = "Y2021", "AdventOfCode\AdventOfCode.Y2021\AdventOfCode.Y2021.csproj", "{4DD6FEEF-2DD9-45A7-9E1E-CD3321D10AB3}"
EndProject
Project("{FAE04EC0-301F-11D3-BF4B-00C04F79EFBC}") = "Y2021Tests", "AdventOfCode\AdventOfCode.Y2021Tests\AdventOfCode.Y2021Tests.csproj", "{57F1A488-3323-45AE-B46F-05ED029A02D1}"
EndProject
Project("{FAE04EC0-301F-11D3-BF4B-00C04F79EFBC}") = "AdventOfCode.MapTests", "AdventOfCode.MapTests\AdventOfCode.MapTests.csproj", "{EC63FEB3-5B41-44C9-89B1-525AA6702576}"
EndProject
Global
	GlobalSection(SolutionConfigurationPlatforms) = preSolution
		Debug|Any CPU = Debug|Any CPU
		Release|Any CPU = Release|Any CPU
	EndGlobalSection
	GlobalSection(ProjectConfigurationPlatforms) = postSolution
		{D608214E-ABE0-4778-AE60-13450F122317}.Debug|Any CPU.ActiveCfg = Debug|Any CPU
		{D608214E-ABE0-4778-AE60-13450F122317}.Debug|Any CPU.Build.0 = Debug|Any CPU
		{D608214E-ABE0-4778-AE60-13450F122317}.Release|Any CPU.ActiveCfg = Release|Any CPU
		{D608214E-ABE0-4778-AE60-13450F122317}.Release|Any CPU.Build.0 = Release|Any CPU
		{AC86D345-3A6F-4C34-AA96-F64175F61CED}.Debug|Any CPU.ActiveCfg = Debug|Any CPU
		{AC86D345-3A6F-4C34-AA96-F64175F61CED}.Debug|Any CPU.Build.0 = Debug|Any CPU
		{AC86D345-3A6F-4C34-AA96-F64175F61CED}.Release|Any CPU.ActiveCfg = Release|Any CPU
		{AC86D345-3A6F-4C34-AA96-F64175F61CED}.Release|Any CPU.Build.0 = Release|Any CPU
		{A23A0DB8-3E44-4AED-845D-A718340C8E8D}.Debug|Any CPU.ActiveCfg = Debug|Any CPU
		{A23A0DB8-3E44-4AED-845D-A718340C8E8D}.Debug|Any CPU.Build.0 = Debug|Any CPU
		{A23A0DB8-3E44-4AED-845D-A718340C8E8D}.Release|Any CPU.ActiveCfg = Release|Any CPU
		{A23A0DB8-3E44-4AED-845D-A718340C8E8D}.Release|Any CPU.Build.0 = Release|Any CPU
		{F616F74F-6EF4-47F9-A4C9-72FFB46A825F}.Debug|Any CPU.ActiveCfg = Debug|Any CPU
		{F616F74F-6EF4-47F9-A4C9-72FFB46A825F}.Debug|Any CPU.Build.0 = Debug|Any CPU
		{F616F74F-6EF4-47F9-A4C9-72FFB46A825F}.Release|Any CPU.ActiveCfg = Release|Any CPU
		{F616F74F-6EF4-47F9-A4C9-72FFB46A825F}.Release|Any CPU.Build.0 = Release|Any CPU
		{2310B529-249E-498D-8715-CD3600D2DE17}.Debug|Any CPU.ActiveCfg = Debug|Any CPU
		{2310B529-249E-498D-8715-CD3600D2DE17}.Debug|Any CPU.Build.0 = Debug|Any CPU
		{2310B529-249E-498D-8715-CD3600D2DE17}.Release|Any CPU.ActiveCfg = Release|Any CPU
		{2310B529-249E-498D-8715-CD3600D2DE17}.Release|Any CPU.Build.0 = Release|Any CPU
		{E5C978BE-EA68-472C-9E08-5C9A51A86D90}.Debug|Any CPU.ActiveCfg = Debug|Any CPU
		{E5C978BE-EA68-472C-9E08-5C9A51A86D90}.Debug|Any CPU.Build.0 = Debug|Any CPU
		{E5C978BE-EA68-472C-9E08-5C9A51A86D90}.Release|Any CPU.ActiveCfg = Release|Any CPU
		{E5C978BE-EA68-472C-9E08-5C9A51A86D90}.Release|Any CPU.Build.0 = Release|Any CPU
		{370EA210-1E02-4C67-9D89-259A38615351}.Debug|Any CPU.ActiveCfg = Debug|Any CPU
		{370EA210-1E02-4C67-9D89-259A38615351}.Debug|Any CPU.Build.0 = Debug|Any CPU
		{370EA210-1E02-4C67-9D89-259A38615351}.Release|Any CPU.ActiveCfg = Release|Any CPU
		{370EA210-1E02-4C67-9D89-259A38615351}.Release|Any CPU.Build.0 = Release|Any CPU
		{4DD6FEEF-2DD9-45A7-9E1E-CD3321D10AB3}.Debug|Any CPU.ActiveCfg = Debug|Any CPU
		{4DD6FEEF-2DD9-45A7-9E1E-CD3321D10AB3}.Debug|Any CPU.Build.0 = Debug|Any CPU
		{4DD6FEEF-2DD9-45A7-9E1E-CD3321D10AB3}.Release|Any CPU.ActiveCfg = Release|Any CPU
		{4DD6FEEF-2DD9-45A7-9E1E-CD3321D10AB3}.Release|Any CPU.Build.0 = Release|Any CPU
		{57F1A488-3323-45AE-B46F-05ED029A02D1}.Debug|Any CPU.ActiveCfg = Debug|Any CPU
		{57F1A488-3323-45AE-B46F-05ED029A02D1}.Debug|Any CPU.Build.0 = Debug|Any CPU
		{57F1A488-3323-45AE-B46F-05ED029A02D1}.Release|Any CPU.ActiveCfg = Release|Any CPU
		{57F1A488-3323-45AE-B46F-05ED029A02D1}.Release|Any CPU.Build.0 = Release|Any CPU
		{EC63FEB3-5B41-44C9-89B1-525AA6702576}.Debug|Any CPU.ActiveCfg = Debug|Any CPU
		{EC63FEB3-5B41-44C9-89B1-525AA6702576}.Debug|Any CPU.Build.0 = Debug|Any CPU
		{EC63FEB3-5B41-44C9-89B1-525AA6702576}.Release|Any CPU.ActiveCfg = Release|Any CPU
		{EC63FEB3-5B41-44C9-89B1-525AA6702576}.Release|Any CPU.Build.0 = Release|Any CPU
	EndGlobalSection
	GlobalSection(SolutionProperties) = preSolution
		HideSolutionNode = FALSE
	EndGlobalSection
	GlobalSection(ExtensibilityGlobals) = postSolution
		SolutionGuid = {174CFA86-E6C8-42CD-A7D7-801FC032340B}
	EndGlobalSection
	GlobalSection(NestedProjects) = preSolution
		{F616F74F-6EF4-47F9-A4C9-72FFB46A825F} = {7370C346-5000-4CB3-856B-0BDEB95CA0E7}
		{2310B529-249E-498D-8715-CD3600D2DE17} = {7370C346-5000-4CB3-856B-0BDEB95CA0E7}
		{E5C978BE-EA68-472C-9E08-5C9A51A86D90} = {7370C346-5000-4CB3-856B-0BDEB95CA0E7}
		{370EA210-1E02-4C67-9D89-259A38615351} = {7370C346-5000-4CB3-856B-0BDEB95CA0E7}
		{4DD6FEEF-2DD9-45A7-9E1E-CD3321D10AB3} = {7370C346-5000-4CB3-856B-0BDEB95CA0E7}
		{57F1A488-3323-45AE-B46F-05ED029A02D1} = {7370C346-5000-4CB3-856B-0BDEB95CA0E7}
	EndGlobalSection
EndGlobal
